
Microsoft Visual Studio Solution File, Format Version 12.00
# Visual Studio Version 17
VisualStudioVersion = 17.0.32014.148
MinimumVisualStudioVersion = 10.0.40219.1
Project("{2150E333-8FDC-42A3-9474-1A3956D46DE8}") = "00-Solution Items", "00-Solution Items", "{05F0AC0D-AD43-45B4-8A98-00C54CF5280D}"
	ProjectSection(SolutionItems) = preProject
		ReadMe.txt = ReadMe.txt
	EndProjectSection
EndProject
Project("{FAE04EC0-301F-11D3-BF4B-00C04F79EFBC}") = "010.Irony", "Irony\010.Irony.csproj", "{D81F5C91-D7DB-46E5-BC99-49488FB6814C}"
EndProject
Project("{FAE04EC0-301F-11D3-BF4B-00C04F79EFBC}") = "020.Irony.Samples", "Irony.Samples\020.Irony.Samples.csproj", "{AD263C0B-99D3-40A9-9DBF-9086CC524A0B}"
EndProject
Project("{FAE04EC0-301F-11D3-BF4B-00C04F79EFBC}") = "030.Irony.GrammarExplorer", "Irony.GrammarExplorer\030.Irony.GrammarExplorer.csproj", "{AE1C04A8-B03D-4144-98E9-BF66C50265E7}"
EndProject
Project("{FAE04EC0-301F-11D3-BF4B-00C04F79EFBC}") = "040.Irony.Tests", "Irony.Tests\040.Irony.Tests.csproj", "{0CFA8CEE-0110-49C1-93E5-CB7BE3A5716B}"
EndProject
Project("{FAE04EC0-301F-11D3-BF4B-00C04F79EFBC}") = "025.Irony.Samples.Console", "Irony.Samples.Console\025.Irony.Samples.Console.csproj", "{5A31B964-CDFA-4406-9316-32A0F04CE149}"
EndProject
Project("{FAE04EC0-301F-11D3-BF4B-00C04F79EFBC}") = "100.IronySilverlight", "Irony\100.IronySilverlight.csproj", "{B945A137-E4C4-4DD5-9598-261F466549FE}"
EndProject
Project("{9A19103F-16F7-4668-BE54-9A1E7A4F7556}") = "035.Irony.Avalonia", "Irony.Avalonia\035.Irony.Avalonia.csproj", "{9F213582-0726-4A73-A388-F03119E138B3}"
EndProject
Project("{2150E333-8FDC-42A3-9474-1A3956D46DE8}") = "030-UIs", "030-UIs", "{B224E6E8-175F-432E-B170-9FDF74403B75}"
EndProject
Project("{2150E333-8FDC-42A3-9474-1A3956D46DE8}") = "010-Core", "010-Core", "{875FF652-030F-4FD2-BEFE-931026072A30}"
EndProject
Project("{2150E333-8FDC-42A3-9474-1A3956D46DE8}") = "020-Samples", "020-Samples", "{6B5C89F0-D9EB-4FCE-9634-673D5D345DC5}"
EndProject
Project("{2150E333-8FDC-42A3-9474-1A3956D46DE8}") = "040-Tests", "040-Tests", "{4D637EAE-BC48-4DC1-98AB-8BDE22B6074C}"
EndProject
Project("{FAE04EC0-301F-11D3-BF4B-00C04F79EFBC}") = "031-Irony.UI.ViewModels", "Irony.UI.ViewModels\031-Irony.UI.ViewModels.csproj", "{EF811347-875D-4ACE-980D-DA63D0AC2470}"
EndProject
Global
	GlobalSection(SolutionConfigurationPlatforms) = preSolution
		Debug|Any CPU = Debug|Any CPU
		FxCop|Any CPU = FxCop|Any CPU
		Release|Any CPU = Release|Any CPU
		Silverlight Debug|Any CPU = Silverlight Debug|Any CPU
		Silverlight Release|Any CPU = Silverlight Release|Any CPU
		SpecSharp|Any CPU = SpecSharp|Any CPU
	EndGlobalSection
	GlobalSection(ProjectConfigurationPlatforms) = postSolution
		{D81F5C91-D7DB-46E5-BC99-49488FB6814C}.Debug|Any CPU.ActiveCfg = Debug|Any CPU
		{D81F5C91-D7DB-46E5-BC99-49488FB6814C}.Debug|Any CPU.Build.0 = Debug|Any CPU
		{D81F5C91-D7DB-46E5-BC99-49488FB6814C}.FxCop|Any CPU.ActiveCfg = Release|Any CPU
		{D81F5C91-D7DB-46E5-BC99-49488FB6814C}.FxCop|Any CPU.Build.0 = Release|Any CPU
		{D81F5C91-D7DB-46E5-BC99-49488FB6814C}.Release|Any CPU.ActiveCfg = Release|Any CPU
		{D81F5C91-D7DB-46E5-BC99-49488FB6814C}.Release|Any CPU.Build.0 = Release|Any CPU
		{D81F5C91-D7DB-46E5-BC99-49488FB6814C}.Silverlight Debug|Any CPU.ActiveCfg = Debug|Any CPU
		{D81F5C91-D7DB-46E5-BC99-49488FB6814C}.Silverlight Debug|Any CPU.Build.0 = Debug|Any CPU
		{D81F5C91-D7DB-46E5-BC99-49488FB6814C}.Silverlight Release|Any CPU.ActiveCfg = Release|Any CPU
		{D81F5C91-D7DB-46E5-BC99-49488FB6814C}.Silverlight Release|Any CPU.Build.0 = Release|Any CPU
		{D81F5C91-D7DB-46E5-BC99-49488FB6814C}.SpecSharp|Any CPU.ActiveCfg = Release|Any CPU
		{D81F5C91-D7DB-46E5-BC99-49488FB6814C}.SpecSharp|Any CPU.Build.0 = Release|Any CPU
		{AD263C0B-99D3-40A9-9DBF-9086CC524A0B}.Debug|Any CPU.ActiveCfg = Debug|Any CPU
		{AD263C0B-99D3-40A9-9DBF-9086CC524A0B}.Debug|Any CPU.Build.0 = Debug|Any CPU
		{AD263C0B-99D3-40A9-9DBF-9086CC524A0B}.FxCop|Any CPU.ActiveCfg = Release|Any CPU
		{AD263C0B-99D3-40A9-9DBF-9086CC524A0B}.FxCop|Any CPU.Build.0 = Release|Any CPU
		{AD263C0B-99D3-40A9-9DBF-9086CC524A0B}.Release|Any CPU.ActiveCfg = Release|Any CPU
		{AD263C0B-99D3-40A9-9DBF-9086CC524A0B}.Release|Any CPU.Build.0 = Release|Any CPU
		{AD263C0B-99D3-40A9-9DBF-9086CC524A0B}.Silverlight Debug|Any CPU.ActiveCfg = Debug|Any CPU
		{AD263C0B-99D3-40A9-9DBF-9086CC524A0B}.Silverlight Debug|Any CPU.Build.0 = Debug|Any CPU
		{AD263C0B-99D3-40A9-9DBF-9086CC524A0B}.Silverlight Release|Any CPU.ActiveCfg = Release|Any CPU
		{AD263C0B-99D3-40A9-9DBF-9086CC524A0B}.Silverlight Release|Any CPU.Build.0 = Release|Any CPU
		{AD263C0B-99D3-40A9-9DBF-9086CC524A0B}.SpecSharp|Any CPU.ActiveCfg = Release|Any CPU
		{AD263C0B-99D3-40A9-9DBF-9086CC524A0B}.SpecSharp|Any CPU.Build.0 = Release|Any CPU
		{AE1C04A8-B03D-4144-98E9-BF66C50265E7}.Debug|Any CPU.ActiveCfg = Debug|Any CPU
		{AE1C04A8-B03D-4144-98E9-BF66C50265E7}.Debug|Any CPU.Build.0 = Debug|Any CPU
		{AE1C04A8-B03D-4144-98E9-BF66C50265E7}.FxCop|Any CPU.ActiveCfg = Release|Any CPU
		{AE1C04A8-B03D-4144-98E9-BF66C50265E7}.FxCop|Any CPU.Build.0 = Release|Any CPU
		{AE1C04A8-B03D-4144-98E9-BF66C50265E7}.Release|Any CPU.ActiveCfg = Release|Any CPU
		{AE1C04A8-B03D-4144-98E9-BF66C50265E7}.Release|Any CPU.Build.0 = Release|Any CPU
		{AE1C04A8-B03D-4144-98E9-BF66C50265E7}.Silverlight Debug|Any CPU.ActiveCfg = Debug|Any CPU
		{AE1C04A8-B03D-4144-98E9-BF66C50265E7}.Silverlight Debug|Any CPU.Build.0 = Debug|Any CPU
		{AE1C04A8-B03D-4144-98E9-BF66C50265E7}.Silverlight Release|Any CPU.ActiveCfg = Release|Any CPU
		{AE1C04A8-B03D-4144-98E9-BF66C50265E7}.Silverlight Release|Any CPU.Build.0 = Release|Any CPU
		{AE1C04A8-B03D-4144-98E9-BF66C50265E7}.SpecSharp|Any CPU.ActiveCfg = Release|Any CPU
		{AE1C04A8-B03D-4144-98E9-BF66C50265E7}.SpecSharp|Any CPU.Build.0 = Release|Any CPU
		{0CFA8CEE-0110-49C1-93E5-CB7BE3A5716B}.Debug|Any CPU.ActiveCfg = Debug|Any CPU
		{0CFA8CEE-0110-49C1-93E5-CB7BE3A5716B}.Debug|Any CPU.Build.0 = Debug|Any CPU
		{0CFA8CEE-0110-49C1-93E5-CB7BE3A5716B}.FxCop|Any CPU.ActiveCfg = Release|Any CPU
		{0CFA8CEE-0110-49C1-93E5-CB7BE3A5716B}.FxCop|Any CPU.Build.0 = Release|Any CPU
		{0CFA8CEE-0110-49C1-93E5-CB7BE3A5716B}.Release|Any CPU.ActiveCfg = Release|Any CPU
		{0CFA8CEE-0110-49C1-93E5-CB7BE3A5716B}.Release|Any CPU.Build.0 = Release|Any CPU
		{0CFA8CEE-0110-49C1-93E5-CB7BE3A5716B}.Silverlight Debug|Any CPU.ActiveCfg = Debug|Any CPU
		{0CFA8CEE-0110-49C1-93E5-CB7BE3A5716B}.Silverlight Debug|Any CPU.Build.0 = Debug|Any CPU
		{0CFA8CEE-0110-49C1-93E5-CB7BE3A5716B}.Silverlight Release|Any CPU.ActiveCfg = Release|Any CPU
		{0CFA8CEE-0110-49C1-93E5-CB7BE3A5716B}.Silverlight Release|Any CPU.Build.0 = Release|Any CPU
		{0CFA8CEE-0110-49C1-93E5-CB7BE3A5716B}.SpecSharp|Any CPU.ActiveCfg = Release|Any CPU
		{0CFA8CEE-0110-49C1-93E5-CB7BE3A5716B}.SpecSharp|Any CPU.Build.0 = Release|Any CPU
		{5A31B964-CDFA-4406-9316-32A0F04CE149}.Debug|Any CPU.ActiveCfg = Debug|Any CPU
		{5A31B964-CDFA-4406-9316-32A0F04CE149}.Debug|Any CPU.Build.0 = Debug|Any CPU
		{5A31B964-CDFA-4406-9316-32A0F04CE149}.FxCop|Any CPU.ActiveCfg = Release|Any CPU
		{5A31B964-CDFA-4406-9316-32A0F04CE149}.FxCop|Any CPU.Build.0 = Release|Any CPU
		{5A31B964-CDFA-4406-9316-32A0F04CE149}.Release|Any CPU.ActiveCfg = Release|Any CPU
		{5A31B964-CDFA-4406-9316-32A0F04CE149}.Release|Any CPU.Build.0 = Release|Any CPU
		{5A31B964-CDFA-4406-9316-32A0F04CE149}.Silverlight Debug|Any CPU.ActiveCfg = Debug|Any CPU
		{5A31B964-CDFA-4406-9316-32A0F04CE149}.Silverlight Debug|Any CPU.Build.0 = Debug|Any CPU
		{5A31B964-CDFA-4406-9316-32A0F04CE149}.Silverlight Release|Any CPU.ActiveCfg = Release|Any CPU
		{5A31B964-CDFA-4406-9316-32A0F04CE149}.Silverlight Release|Any CPU.Build.0 = Release|Any CPU
		{5A31B964-CDFA-4406-9316-32A0F04CE149}.SpecSharp|Any CPU.ActiveCfg = Release|Any CPU
		{5A31B964-CDFA-4406-9316-32A0F04CE149}.SpecSharp|Any CPU.Build.0 = Release|Any CPU
		{B945A137-E4C4-4DD5-9598-261F466549FE}.Debug|Any CPU.ActiveCfg = Debug|Any CPU
		{B945A137-E4C4-4DD5-9598-261F466549FE}.FxCop|Any CPU.ActiveCfg = Release|Any CPU
		{B945A137-E4C4-4DD5-9598-261F466549FE}.FxCop|Any CPU.Build.0 = Release|Any CPU
		{B945A137-E4C4-4DD5-9598-261F466549FE}.Release|Any CPU.ActiveCfg = Release|Any CPU
		{B945A137-E4C4-4DD5-9598-261F466549FE}.Silverlight Debug|Any CPU.ActiveCfg = Debug|Any CPU
		{B945A137-E4C4-4DD5-9598-261F466549FE}.Silverlight Debug|Any CPU.Build.0 = Debug|Any CPU
		{B945A137-E4C4-4DD5-9598-261F466549FE}.Silverlight Release|Any CPU.ActiveCfg = Release|Any CPU
		{B945A137-E4C4-4DD5-9598-261F466549FE}.Silverlight Release|Any CPU.Build.0 = Release|Any CPU
		{B945A137-E4C4-4DD5-9598-261F466549FE}.SpecSharp|Any CPU.ActiveCfg = Release|Any CPU
		{B945A137-E4C4-4DD5-9598-261F466549FE}.SpecSharp|Any CPU.Build.0 = Release|Any CPU
		{9F213582-0726-4A73-A388-F03119E138B3}.Debug|Any CPU.ActiveCfg = Debug|Any CPU
		{9F213582-0726-4A73-A388-F03119E138B3}.Debug|Any CPU.Build.0 = Debug|Any CPU
		{9F213582-0726-4A73-A388-F03119E138B3}.FxCop|Any CPU.ActiveCfg = Debug|Any CPU
		{9F213582-0726-4A73-A388-F03119E138B3}.FxCop|Any CPU.Build.0 = Debug|Any CPU
		{9F213582-0726-4A73-A388-F03119E138B3}.Release|Any CPU.ActiveCfg = Release|Any CPU
		{9F213582-0726-4A73-A388-F03119E138B3}.Release|Any CPU.Build.0 = Release|Any CPU
		{9F213582-0726-4A73-A388-F03119E138B3}.Silverlight Debug|Any CPU.ActiveCfg = Debug|Any CPU
		{9F213582-0726-4A73-A388-F03119E138B3}.Silverlight Debug|Any CPU.Build.0 = Debug|Any CPU
		{9F213582-0726-4A73-A388-F03119E138B3}.Silverlight Release|Any CPU.ActiveCfg = Release|Any CPU
		{9F213582-0726-4A73-A388-F03119E138B3}.Silverlight Release|Any CPU.Build.0 = Release|Any CPU
		{9F213582-0726-4A73-A388-F03119E138B3}.SpecSharp|Any CPU.ActiveCfg = Debug|Any CPU
		{9F213582-0726-4A73-A388-F03119E138B3}.SpecSharp|Any CPU.Build.0 = Debug|Any CPU
		{EF811347-875D-4ACE-980D-DA63D0AC2470}.Debug|Any CPU.ActiveCfg = Debug|Any CPU
		{EF811347-875D-4ACE-980D-DA63D0AC2470}.Debug|Any CPU.Build.0 = Debug|Any CPU
		{EF811347-875D-4ACE-980D-DA63D0AC2470}.FxCop|Any CPU.ActiveCfg = Debug|Any CPU
		{EF811347-875D-4ACE-980D-DA63D0AC2470}.FxCop|Any CPU.Build.0 = Debug|Any CPU
		{EF811347-875D-4ACE-980D-DA63D0AC2470}.Release|Any CPU.ActiveCfg = Release|Any CPU
		{EF811347-875D-4ACE-980D-DA63D0AC2470}.Release|Any CPU.Build.0 = Release|Any CPU
		{EF811347-875D-4ACE-980D-DA63D0AC2470}.Silverlight Debug|Any CPU.ActiveCfg = Debug|Any CPU
		{EF811347-875D-4ACE-980D-DA63D0AC2470}.Silverlight Debug|Any CPU.Build.0 = Debug|Any CPU
		{EF811347-875D-4ACE-980D-DA63D0AC2470}.Silverlight Release|Any CPU.ActiveCfg = Release|Any CPU
		{EF811347-875D-4ACE-980D-DA63D0AC2470}.Silverlight Release|Any CPU.Build.0 = Release|Any CPU
		{EF811347-875D-4ACE-980D-DA63D0AC2470}.SpecSharp|Any CPU.ActiveCfg = Debug|Any CPU
		{EF811347-875D-4ACE-980D-DA63D0AC2470}.SpecSharp|Any CPU.Build.0 = Debug|Any CPU
	EndGlobalSection
	GlobalSection(SolutionProperties) = preSolution
		HideSolutionNode = FALSE
	EndGlobalSection
	GlobalSection(NestedProjects) = preSolution
		{D81F5C91-D7DB-46E5-BC99-49488FB6814C} = {875FF652-030F-4FD2-BEFE-931026072A30}
		{AD263C0B-99D3-40A9-9DBF-9086CC524A0B} = {6B5C89F0-D9EB-4FCE-9634-673D5D345DC5}
		{AE1C04A8-B03D-4144-98E9-BF66C50265E7} = {B224E6E8-175F-432E-B170-9FDF74403B75}
		{0CFA8CEE-0110-49C1-93E5-CB7BE3A5716B} = {4D637EAE-BC48-4DC1-98AB-8BDE22B6074C}
		{5A31B964-CDFA-4406-9316-32A0F04CE149} = {6B5C89F0-D9EB-4FCE-9634-673D5D345DC5}
		{B945A137-E4C4-4DD5-9598-261F466549FE} = {B224E6E8-175F-432E-B170-9FDF74403B75}
		{9F213582-0726-4A73-A388-F03119E138B3} = {B224E6E8-175F-432E-B170-9FDF74403B75}
		{EF811347-875D-4ACE-980D-DA63D0AC2470} = {B224E6E8-175F-432E-B170-9FDF74403B75}
	EndGlobalSection
	GlobalSection(ExtensibilityGlobals) = postSolution
		SolutionGuid = {30D94E64-717E-4E05-B00A-224FC3DFC96E}
	EndGlobalSection
EndGlobal
